{
  "version": 2,
  "dependencies": {
    "net8.0": {
      "ConsoleAppFramework": {
        "type": "Direct",
        "requested": "[5.4.1, )",
        "resolved": "5.4.1",
        "contentHash": "2QlC0lYN8Qfu9Hwe+6tp/ZqG8gFN4jTHgaOQwpszLYa6Mtw2rXcsacaSBqS+Gt6HeO8oSSJJdKze6AnYuHSN6A=="
      },
      "Microsoft.Extensions.Configuration.Json": {
        "type": "Direct",
        "requested": "[10.0.0-preview.3.25171.5, )",
        "resolved": "10.0.0-preview.3.25171.5",
        "contentHash": "knqFdM+cblgKWgqZGBkzgADiO+2GfLsteztGyHvE6o47xGHP42ImBbanW3GknlhuLSuT404lT3GoW6kNhzfjqQ==",
        "dependencies": {
          "Microsoft.Extensions.Configuration": "10.0.0-preview.3.25171.5",
          "Microsoft.Extensions.Configuration.Abstractions": "10.0.0-preview.3.25171.5",
          "Microsoft.Extensions.Configuration.FileExtensions": "10.0.0-preview.3.25171.5",
          "Microsoft.Extensions.FileProviders.Abstractions": "10.0.0-preview.3.25171.5",
          "System.Text.Json": "10.0.0-preview.3.25171.5"
        }
      },
      "Microsoft.Extensions.Http": {
        "type": "Direct",
        "requested": "[10.0.0-preview.3.25171.5, )",
        "resolved": "10.0.0-preview.3.25171.5",
        "contentHash": "s9Kdo0bnauDogJdcAHVmT14cYu2wwEDr5OIwuILRXvbwqxUG04xkJET6O8R1D6pz/c8rPHMsBcsMK4Feilf5sg==",
        "dependencies": {
          "Microsoft.Extensions.Configuration.Abstractions": "10.0.0-preview.3.25171.5",
          "Microsoft.Extensions.DependencyInjection.Abstractions": "10.0.0-preview.3.25171.5",
          "Microsoft.Extensions.Diagnostics": "10.0.0-preview.3.25171.5",
          "Microsoft.Extensions.Logging": "10.0.0-preview.3.25171.5",
          "Microsoft.Extensions.Logging.Abstractions": "10.0.0-preview.3.25171.5",
          "Microsoft.Extensions.Options": "10.0.0-preview.3.25171.5"
        }
      },
      "Microsoft.Extensions.Logging.Console": {
        "type": "Direct",
        "requested": "[10.0.0-preview.3.25171.5, )",
        "resolved": "10.0.0-preview.3.25171.5",
        "contentHash": "G3e8n/yM/nTcHbZooWbua0mYvQ5uZZKuLrotL9Fc5/XaVjsDNeOsihRXxDBbOwi3iC7d/swdA60fblhQq7B/tg==",
        "dependencies": {
          "Microsoft.Extensions.DependencyInjection.Abstractions": "10.0.0-preview.3.25171.5",
          "Microsoft.Extensions.Logging": "10.0.0-preview.3.25171.5",
          "Microsoft.Extensions.Logging.Abstractions": "10.0.0-preview.3.25171.5",
          "Microsoft.Extensions.Logging.Configuration": "10.0.0-preview.3.25171.5",
          "Microsoft.Extensions.Options": "10.0.0-preview.3.25171.5",
          "System.Text.Json": "10.0.0-preview.3.25171.5"
        }
      },
      "Microsoft.Extensions.Configuration": {
        "type": "Transitive",
        "resolved": "10.0.0-preview.3.25171.5",
        "contentHash": "Rnhi/o4Rw9edwOfyJoR5PA6052UFhGpdkWs5mrgYskRXXrof+CCN6BOpl2RPLCRbTQWsFcZKm5arubjmFMNGVg==",
        "dependencies": {
          "Microsoft.Extensions.Configuration.Abstractions": "10.0.0-preview.3.25171.5",
          "Microsoft.Extensions.Primitives": "10.0.0-preview.3.25171.5"
        }
      },
      "Microsoft.Extensions.Configuration.Abstractions": {
        "type": "Transitive",
        "resolved": "10.0.0-preview.3.25171.5",
        "contentHash": "J9Scx8s52LsDCVuIYWJ7M/rRHyYAzF1D9skARHrZkKFrhDxksOdhXmrGJWnSJce2CqQhVx+n6fZtItmyhXpyWQ==",
        "dependencies": {
          "Microsoft.Extensions.Primitives": "10.0.0-preview.3.25171.5"
        }
      },
      "Microsoft.Extensions.Configuration.Binder": {
        "type": "Transitive",
        "resolved": "10.0.0-preview.3.25171.5",
        "contentHash": "5E0EgvEqwt8hy8Tg+XhOfTvYZ5c1F8zCavOZMQuW6PBfO/BZWdo5xVQcBIBAJRLKemr+fOSwBrk5gGWpSBk/sg==",
        "dependencies": {
          "Microsoft.Extensions.Configuration.Abstractions": "10.0.0-preview.3.25171.5"
        }
      },
      "Microsoft.Extensions.Configuration.FileExtensions": {
        "type": "Transitive",
        "resolved": "10.0.0-preview.3.25171.5",
        "contentHash": "ltZ3XANHXesoBLZQQ3aKNfjVwP+4fThVvTJgAiuBee0HCnlQm3NQ3l61JcJexppj0dVYG54+mR2nrBGq9lQTXA==",
        "dependencies": {
          "Microsoft.Extensions.Configuration": "10.0.0-preview.3.25171.5",
          "Microsoft.Extensions.Configuration.Abstractions": "10.0.0-preview.3.25171.5",
          "Microsoft.Extensions.FileProviders.Abstractions": "10.0.0-preview.3.25171.5",
          "Microsoft.Extensions.FileProviders.Physical": "10.0.0-preview.3.25171.5",
          "Microsoft.Extensions.Primitives": "10.0.0-preview.3.25171.5"
        }
      },
      "Microsoft.Extensions.DependencyInjection": {
        "type": "Transitive",
        "resolved": "10.0.0-preview.3.25171.5",
        "contentHash": "hghZ1OOgfgnvRJfetnomCqpszI3ocxIFEfhNHmLXWZM+Ec3oM1FBKOEvRjhl6R4aghCzUCOHDLww+DiKiTV/yA==",
        "dependencies": {
          "Microsoft.Extensions.DependencyInjection.Abstractions": "10.0.0-preview.3.25171.5"
        }
      },
      "Microsoft.Extensions.DependencyInjection.Abstractions": {
        "type": "Transitive",
        "resolved": "10.0.0-preview.3.25171.5",
        "contentHash": "kYUb9+gyWtphwC5ZPApnhJ8kYLFfeMwt0qHgMchfagjCVFFuwp4iyn9tSYe/mDmlyMxfaZ8XmatJttmXxfQT5g=="
      },
      "Microsoft.Extensions.Diagnostics": {
        "type": "Transitive",
        "resolved": "10.0.0-preview.3.25171.5",
        "contentHash": "6X4NWytDZnYVX1Its8m2c8n383Zt3kBoYrMo4cvpGmCP6t5zNXUiQRDg69fD7PShE642/LPn5jZYVBKs4hpZxg==",
        "dependencies": {
          "Microsoft.Extensions.Configuration": "10.0.0-preview.3.25171.5",
          "Microsoft.Extensions.Diagnostics.Abstractions": "10.0.0-preview.3.25171.5",
          "Microsoft.Extensions.Options.ConfigurationExtensions": "10.0.0-preview.3.25171.5"
        }
      },
      "Microsoft.Extensions.Diagnostics.Abstractions": {
        "type": "Transitive",
        "resolved": "10.0.0-preview.3.25171.5",
        "contentHash": "8dzQGZHA3PseG1h3nbY7kGjf87WuF+sZyfIonsxip0TMSpdJziuRilzHmL7IfksKHE/QUVCCx58plencvXRwJQ==",
        "dependencies": {
          "Microsoft.Extensions.DependencyInjection.Abstractions": "10.0.0-preview.3.25171.5",
          "Microsoft.Extensions.Options": "10.0.0-preview.3.25171.5",
          "System.Diagnostics.DiagnosticSource": "10.0.0-preview.3.25171.5"
        }
      },
      "Microsoft.Extensions.FileProviders.Abstractions": {
        "type": "Transitive",
        "resolved": "10.0.0-preview.3.25171.5",
        "contentHash": "qk6MBLdczml70Bfa/+RhZVi/8Ism+4dCze+y86vG5DzM4EM2dc2C5RWuILNJ6dOBx5pEGi85sx+qKoIggkNItg==",
        "dependencies": {
          "Microsoft.Extensions.Primitives": "10.0.0-preview.3.25171.5"
        }
      },
      "Microsoft.Extensions.FileProviders.Physical": {
        "type": "Transitive",
        "resolved": "10.0.0-preview.3.25171.5",
        "contentHash": "7i6MvFzEpa/SXrED1BwSmCSS7JaW7TTsh8/9NOZrXi721mu0oZ7eKDxKhUFCXX0D7ZiUCGQgxT/yU1dcL2VaPA==",
        "dependencies": {
          "Microsoft.Extensions.FileProviders.Abstractions": "10.0.0-preview.3.25171.5",
          "Microsoft.Extensions.FileSystemGlobbing": "10.0.0-preview.3.25171.5",
          "Microsoft.Extensions.Primitives": "10.0.0-preview.3.25171.5"
        }
      },
      "Microsoft.Extensions.FileSystemGlobbing": {
        "type": "Transitive",
        "resolved": "10.0.0-preview.3.25171.5",
        "contentHash": "/r6mj4dSfd39peS3ti6O8ndBeEgtzn+PfhQRXcRjcME/8QLcFsTGcf5s1Isk/acfZX2g7urZHx+EJJa1WrR3bQ=="
      },
      "Microsoft.Extensions.Logging": {
        "type": "Transitive",
        "resolved": "10.0.0-preview.3.25171.5",
        "contentHash": "PEOOUx9CdEf98gSPbMHJS9BDrE+Ce8vjF6PRHTGDKmX1qRZebR4qdfMDUFiaqLKrTYBSzeptPhrgYC0bSlw9Og==",
        "dependencies": {
          "Microsoft.Extensions.DependencyInjection": "10.0.0-preview.3.25171.5",
          "Microsoft.Extensions.Logging.Abstractions": "10.0.0-preview.3.25171.5",
          "Microsoft.Extensions.Options": "10.0.0-preview.3.25171.5"
        }
      },
      "Microsoft.Extensions.Logging.Abstractions": {
        "type": "Transitive",
        "resolved": "10.0.0-preview.3.25171.5",
        "contentHash": "RelfzqJYDT+QGnda61isCoab/Xq8HWAK0tawwyCYm7r2voGs9r9igkxeFo43lAnFztVdOdslB+zQmJh0pZcXuw==",
        "dependencies": {
          "Microsoft.Extensions.DependencyInjection.Abstractions": "10.0.0-preview.3.25171.5",
          "System.Diagnostics.DiagnosticSource": "10.0.0-preview.3.25171.5"
        }
      },
      "Microsoft.Extensions.Logging.Configuration": {
        "type": "Transitive",
        "resolved": "10.0.0-preview.3.25171.5",
        "contentHash": "Y0PFtW3f7dVALCx/uWEFosHIkCgOFvmNMdUZ6GTPubQHnWWY2A9A/QDf7S9wFy4i0GrFpNCBxcIk51eliyo6OQ==",
        "dependencies": {
          "Microsoft.Extensions.Configuration": "10.0.0-preview.3.25171.5",
          "Microsoft.Extensions.Configuration.Abstractions": "10.0.0-preview.3.25171.5",
          "Microsoft.Extensions.Configuration.Binder": "10.0.0-preview.3.25171.5",
          "Microsoft.Extensions.DependencyInjection.Abstractions": "10.0.0-preview.3.25171.5",
          "Microsoft.Extensions.Logging": "10.0.0-preview.3.25171.5",
          "Microsoft.Extensions.Logging.Abstractions": "10.0.0-preview.3.25171.5",
          "Microsoft.Extensions.Options": "10.0.0-preview.3.25171.5",
          "Microsoft.Extensions.Options.ConfigurationExtensions": "10.0.0-preview.3.25171.5"
        }
      },
      "Microsoft.Extensions.Options": {
        "type": "Transitive",
        "resolved": "10.0.0-preview.3.25171.5",
        "contentHash": "4UwRpSTCzTHSc5D1Os5gdtzJZTP2tdMRAfidJy23munK5PVm1uFBRUlyqu5n1bWPY8n1F6lee7AixJkbMP2DcA==",
        "dependencies": {
          "Microsoft.Extensions.DependencyInjection.Abstractions": "10.0.0-preview.3.25171.5",
          "Microsoft.Extensions.Primitives": "10.0.0-preview.3.25171.5"
        }
      },
      "Microsoft.Extensions.Options.ConfigurationExtensions": {
        "type": "Transitive",
        "resolved": "10.0.0-preview.3.25171.5",
        "contentHash": "n3K8OmdhFn7M3c+6x8xPxEmeIErSwhRCBQK46QRjiyTJCuJ/EApUF5q4lXX5DmsyFfskya+M1c+GfOSFTizC6g==",
        "dependencies": {
          "Microsoft.Extensions.Configuration.Abstractions": "10.0.0-preview.3.25171.5",
          "Microsoft.Extensions.Configuration.Binder": "10.0.0-preview.3.25171.5",
          "Microsoft.Extensions.DependencyInjection.Abstractions": "10.0.0-preview.3.25171.5",
          "Microsoft.Extensions.Options": "10.0.0-preview.3.25171.5",
          "Microsoft.Extensions.Primitives": "10.0.0-preview.3.25171.5"
        }
      },
      "Microsoft.Extensions.Primitives": {
        "type": "Transitive",
        "resolved": "10.0.0-preview.3.25171.5",
        "contentHash": "1U7p/PNQw7CGbbaAK1GTdVy/Fu85DC2h6DJHqvca12xtroVllU6KjboN590SxGxg2iz4sHM+joYpYSIYBrm0bQ=="
      },
      "System.Diagnostics.DiagnosticSource": {
        "type": "Transitive",
        "resolved": "10.0.0-preview.3.25171.5",
        "contentHash": "9L8NSNLkx41IYLSi+XuaKnr1m5XnpuSmxoy2ZEeGu7jKv1zox8CzwmF0j4DmTpMkuMXN64XJT3qsWMy7RtIBEg=="
      },
      "System.IO.Pipelines": {
        "type": "Transitive",
        "resolved": "10.0.0-preview.3.25171.5",
        "contentHash": "IsB1ZmnYDbXmlHLqF903monA1j21+dVdky2wfPaB04wXMOj1sRhPfGexWvAk1dTy892+mSqfE4W9XNYK0dtwmw=="
      },
      "System.Text.Encodings.Web": {
        "type": "Transitive",
        "resolved": "10.0.0-preview.3.25171.5",
        "contentHash": "NUjLF0b9nlu6bYO21SQwkd+olJJArGy/71LNs5KAXjbE8aYywTxIuhzVyRikR6M9mHQrRhtvQaWTCo3frnBZMw=="
      },
      "kaonavi.net.core": {
        "type": "Project",
        "dependencies": {
          "System.Net.Http.Json": "[10.0.0-preview.3.25171.5, )",
          "System.Text.Json": "[10.0.0-preview.3.25171.5, )"
        }
      },
      "System.Net.Http.Json": {
        "type": "CentralTransitive",
        "requested": "[10.0.0-preview.3.25171.5, )",
        "resolved": "10.0.0-preview.3.25171.5",
        "contentHash": "SR/Dpq2XfD1URuOb+qkvaPgCZ63cCojjILGvBJ3nCXWTBCltL/zNUyhRmOXecs9dLMzseJaRR55xQWdZBEgfXw==",
        "dependencies": {
          "System.Text.Json": "10.0.0-preview.3.25171.5"
        }
      },
      "System.Text.Json": {
        "type": "CentralTransitive",
        "requested": "[10.0.0-preview.3.25171.5, )",
        "resolved": "10.0.0-preview.3.25171.5",
        "contentHash": "c3nnICP57xotpRgKYwRAWtpvY1mEZ98aaBsSntt0TxrgOvwLndaJoN08XtnUqJKmgJFYW272tXsu2g2SHmHUmg==",
        "dependencies": {
          "System.IO.Pipelines": "10.0.0-preview.3.25171.5",
          "System.Text.Encodings.Web": "10.0.0-preview.3.25171.5"
        }
      }
    }
  }
}